
Microsoft Visual Studio Solution File, Format Version 12.00
# Visual Studio 15
VisualStudioVersion = 15.0.28010.2026
MinimumVisualStudioVersion = 10.0.40219.1
Project("{8BC9CEB8-8B4A-11D0-8D11-00A0C91BC942}") = "项目9引用的声明以及使用示例", "项目9引用的声明以及使用示例\项目9引用的声明以及使用示例.vcxproj", "{6617CCFA-8DA6-412A-8E6A-60C5F6035DC2}"
EndProject
Global
	GlobalSection(SolutionConfigurationPlatforms) = preSolution
		Debug|x64 = Debug|x64
		Debug|x86 = Debug|x86
		Release|x64 = Release|x64
		Release|x86 = Release|x86
	EndGlobalSection
	GlobalSection(ProjectConfigurationPlatforms) = postSolution
		{6617CCFA-8DA6-412A-8E6A-60C5F6035DC2}.Debug|x64.ActiveCfg = Debug|x64
		{6617CCFA-8DA6-412A-8E6A-60C5F6035DC2}.Debug|x64.Build.0 = Debug|x64
		{6617CCFA-8DA6-412A-8E6A-60C5F6035DC2}.Debug|x86.ActiveCfg = Debug|Win32
		{6617CCFA-8DA6-412A-8E6A-60C5F6035DC2}.Debug|x86.Build.0 = Debug|Win32
		{6617CCFA-8DA6-412A-8E6A-60C5F6035DC2}.Release|x64.ActiveCfg = Release|x64
		{6617CCFA-8DA6-412A-8E6A-60C5F6035DC2}.Release|x64.Build.0 = Release|x64
		{6617CCFA-8DA6-412A-8E6A-60C5F6035DC2}.Release|x86.ActiveCfg = Release|Win32
		{6617CCFA-8DA6-412A-8E6A-60C5F6035DC2}.Release|x86.Build.0 = Release|Win32
	EndGlobalSection
	GlobalSection(SolutionProperties) = preSolution
		HideSolutionNode = FALSE
	EndGlobalSection
	GlobalSection(ExtensibilityGlobals) = postSolution
		SolutionGuid = {BD68C895-FB96-4714-8413-EA15D7C2B708}
	EndGlobalSection
EndGlobal
