
Microsoft Visual Studio Solution File, Format Version 12.00
# Visual Studio 15
VisualStudioVersion = 15.0.28010.2026
MinimumVisualStudioVersion = 10.0.40219.1
Project("{8BC9CEB8-8B4A-11D0-8D11-00A0C91BC942}") = "项目5域解析符扩大全局变量的可见范围", "项目5域解析符扩大全局变量的可见范围\项目5域解析符扩大全局变量的可见范围.vcxproj", "{1A82A070-A7B5-41A0-B57A-7BA8A0098B92}"
EndProject
Global
	GlobalSection(SolutionConfigurationPlatforms) = preSolution
		Debug|x64 = Debug|x64
		Debug|x86 = Debug|x86
		Release|x64 = Release|x64
		Release|x86 = Release|x86
	EndGlobalSection
	GlobalSection(ProjectConfigurationPlatforms) = postSolution
		{1A82A070-A7B5-41A0-B57A-7BA8A0098B92}.Debug|x64.ActiveCfg = Debug|x64
		{1A82A070-A7B5-41A0-B57A-7BA8A0098B92}.Debug|x64.Build.0 = Debug|x64
		{1A82A070-A7B5-41A0-B57A-7BA8A0098B92}.Debug|x86.ActiveCfg = Debug|Win32
		{1A82A070-A7B5-41A0-B57A-7BA8A0098B92}.Debug|x86.Build.0 = Debug|Win32
		{1A82A070-A7B5-41A0-B57A-7BA8A0098B92}.Release|x64.ActiveCfg = Release|x64
		{1A82A070-A7B5-41A0-B57A-7BA8A0098B92}.Release|x64.Build.0 = Release|x64
		{1A82A070-A7B5-41A0-B57A-7BA8A0098B92}.Release|x86.ActiveCfg = Release|Win32
		{1A82A070-A7B5-41A0-B57A-7BA8A0098B92}.Release|x86.Build.0 = Release|Win32
	EndGlobalSection
	GlobalSection(SolutionProperties) = preSolution
		HideSolutionNode = FALSE
	EndGlobalSection
	GlobalSection(ExtensibilityGlobals) = postSolution
		SolutionGuid = {8D50B82C-24EA-4B97-B8F7-80DC94FBF814}
	EndGlobalSection
EndGlobal
